// !$*UTF8*$!
{
	archiveVersion = 1;
	classes = {
	};
	objectVersion = 46;
	objects = {

/* Begin PBXBuildFile section */
		06D7AEAE1C4CF9040017FD1B /* AppDelegate.swift in Sources */ = {isa = PBXBuildFile; fileRef = 06D7AEAD1C4CF9040017FD1B /* AppDelegate.swift */; };
		06D7AEB01C4CF9040017FD1B /* Assets.xcassets in Resources */ = {isa = PBXBuildFile; fileRef = 06D7AEAF1C4CF9040017FD1B /* Assets.xcassets */; };
		06D7AEB31C4CF9040017FD1B /* MainMenu.xib in Resources */ = {isa = PBXBuildFile; fileRef = 06D7AEB11C4CF9040017FD1B /* MainMenu.xib */; };
		06D7AEBB1C4D09E10017FD1B /* PasteBoardWatcher.swift in Sources */ = {isa = PBXBuildFile; fileRef = 06D7AEBA1C4D09E10017FD1B /* PasteBoardWatcher.swift */; };
		C74609FB1C4D712200B6C200 /* Protocols.swift in Sources */ = {isa = PBXBuildFile; fileRef = C74609FA1C4D712200B6C200 /* Protocols.swift */; };
		C74609FD1C4D714B00B6C200 /* ModelCopiedString.swift in Sources */ = {isa = PBXBuildFile; fileRef = C74609FC1C4D714B00B6C200 /* ModelCopiedString.swift */; };
		C74609FF1C4D716000B6C200 /* ModelApplication.swift in Sources */ = {isa = PBXBuildFile; fileRef = C74609FE1C4D716000B6C200 /* ModelApplication.swift */; };
		C7460A031C4EB3D800B6C200 /* CopiedStringsCollection.swift in Sources */ = {isa = PBXBuildFile; fileRef = C7460A021C4EB3D800B6C200 /* CopiedStringsCollection.swift */; };
		C7E99BEB1C5189A7002179E3 /* Extensions.swift in Sources */ = {isa = PBXBuildFile; fileRef = C7E99BEA1C5189A7002179E3 /* Extensions.swift */; };
/* End PBXBuildFile section */

/* Begin PBXFileReference section */
		06D7AEAA1C4CF9040017FD1B /* PasteBoard.app */ = {isa = PBXFileReference; explicitFileType = wrapper.application; includeInIndex = 0; path = PasteBoard.app; sourceTree = BUILT_PRODUCTS_DIR; };
		06D7AEAD1C4CF9040017FD1B /* AppDelegate.swift */ = {isa = PBXFileReference; lastKnownFileType = sourcecode.swift; path = AppDelegate.swift; sourceTree = "<group>"; };
		06D7AEAF1C4CF9040017FD1B /* Assets.xcassets */ = {isa = PBXFileReference; lastKnownFileType = folder.assetcatalog; path = Assets.xcassets; sourceTree = "<group>"; };
		06D7AEB21C4CF9040017FD1B /* Base */ = {isa = PBXFileReference; lastKnownFileType = file.xib; name = Base; path = Base.lproj/MainMenu.xib; sourceTree = "<group>"; };
		06D7AEB41C4CF9040017FD1B /* Info.plist */ = {isa = PBXFileReference; lastKnownFileType = text.plist.xml; path = Info.plist; sourceTree = "<group>"; };
		06D7AEBA1C4D09E10017FD1B /* PasteBoardWatcher.swift */ = {isa = PBXFileReference; fileEncoding = 4; lastKnownFileType = sourcecode.swift; path = PasteBoardWatcher.swift; sourceTree = "<group>"; };
		C74609FA1C4D712200B6C200 /* Protocols.swift */ = {isa = PBXFileReference; fileEncoding = 4; lastKnownFileType = sourcecode.swift; path = Protocols.swift; sourceTree = "<group>"; };
		C74609FC1C4D714B00B6C200 /* ModelCopiedString.swift */ = {isa = PBXFileReference; fileEncoding = 4; lastKnownFileType = sourcecode.swift; path = ModelCopiedString.swift; sourceTree = "<group>"; };
		C74609FE1C4D716000B6C200 /* ModelApplication.swift */ = {isa = PBXFileReference; fileEncoding = 4; lastKnownFileType = sourcecode.swift; path = ModelApplication.swift; sourceTree = "<group>"; };
		C7460A021C4EB3D800B6C200 /* CopiedStringsCollection.swift */ = {isa = PBXFileReference; fileEncoding = 4; lastKnownFileType = sourcecode.swift; path = CopiedStringsCollection.swift; sourceTree = "<group>"; };
		C7E99BEA1C5189A7002179E3 /* Extensions.swift */ = {isa = PBXFileReference; fileEncoding = 4; lastKnownFileType = sourcecode.swift; path = Extensions.swift; sourceTree = "<group>"; };
/* End PBXFileReference section */

/* Begin PBXFrameworksBuildPhase section */
		06D7AEA71C4CF9040017FD1B /* Frameworks */ = {
			isa = PBXFrameworksBuildPhase;
			buildActionMask = 2147483647;
			files = (
			);
			runOnlyForDeploymentPostprocessing = 0;
		};
/* End PBXFrameworksBuildPhase section */

/* Begin PBXGroup section */
		06D7AEA11C4CF9040017FD1B = {
			isa = PBXGroup;
			children = (
				06D7AEAC1C4CF9040017FD1B /* PasteBoard */,
				06D7AEAB1C4CF9040017FD1B /* Products */,
			);
			sourceTree = "<group>";
		};
		06D7AEAB1C4CF9040017FD1B /* Products */ = {
			isa = PBXGroup;
			children = (
				06D7AEAA1C4CF9040017FD1B /* PasteBoard.app */,
			);
			name = Products;
			sourceTree = "<group>";
		};
		06D7AEAC1C4CF9040017FD1B /* PasteBoard */ = {
			isa = PBXGroup;
			children = (
				06D7AEAD1C4CF9040017FD1B /* AppDelegate.swift */,
				06D7AEBA1C4D09E10017FD1B /* PasteBoardWatcher.swift */,
				C7460A021C4EB3D800B6C200 /* CopiedStringsCollection.swift */,
				C74609FE1C4D716000B6C200 /* ModelApplication.swift */,
				C74609FC1C4D714B00B6C200 /* ModelCopiedString.swift */,
				C7E99BEA1C5189A7002179E3 /* Extensions.swift */,
				C74609FA1C4D712200B6C200 /* Protocols.swift */,
				06D7AEAF1C4CF9040017FD1B /* Assets.xcassets */,
				06D7AEB11C4CF9040017FD1B /* MainMenu.xib */,
				06D7AEB41C4CF9040017FD1B /* Info.plist */,
			);
			path = PasteBoard;
			sourceTree = "<group>";
		};
/* End PBXGroup section */

/* Begin PBXNativeTarget section */
		06D7AEA91C4CF9040017FD1B /* PasteBoard */ = {
			isa = PBXNativeTarget;
			buildConfigurationList = 06D7AEB71C4CF9040017FD1B /* Build configuration list for PBXNativeTarget "PasteBoard" */;
			buildPhases = (
				06D7AEA61C4CF9040017FD1B /* Sources */,
				06D7AEA71C4CF9040017FD1B /* Frameworks */,
				06D7AEA81C4CF9040017FD1B /* Resources */,
			);
			buildRules = (
			);
			dependencies = (
			);
			name = PasteBoard;
			productName = PasteBoard;
			productReference = 06D7AEAA1C4CF9040017FD1B /* PasteBoard.app */;
			productType = "com.apple.product-type.application";
		};
/* End PBXNativeTarget section */

/* Begin PBXProject section */
		06D7AEA21C4CF9040017FD1B /* Project object */ = {
			isa = PBXProject;
			attributes = {
				LastSwiftUpdateCheck = 0730;
				LastUpgradeCheck = 0730;
				ORGANIZATIONNAME = tests;
				TargetAttributes = {
					06D7AEA91C4CF9040017FD1B = {
						CreatedOnToolsVersion = 7.3;
					};
				};
			};
			buildConfigurationList = 06D7AEA51C4CF9040017FD1B /* Build configuration list for PBXProject "PasteBoard" */;
			compatibilityVersion = "Xcode 3.2";
			developmentRegion = English;
			hasScannedForEncodings = 0;
			knownRegions = (
				en,
				Base,
			);
			mainGroup = 06D7AEA11C4CF9040017FD1B;
			productRefGroup = 06D7AEAB1C4CF9040017FD1B /* Products */;
			projectDirPath = "";
			projectRoot = "";
			targets = (
				06D7AEA91C4CF9040017FD1B /* PasteBoard */,
			);
		};
/* End PBXProject section */

/* Begin PBXResourcesBuildPhase section */
		06D7AEA81C4CF9040017FD1B /* Resources */ = {
			isa = PBXResourcesBuildPhase;
			buildActionMask = 2147483647;
			files = (
				06D7AEB01C4CF9040017FD1B /* Assets.xcassets in Resources */,
				06D7AEB31C4CF9040017FD1B /* MainMenu.xib in Resources */,
			);
			runOnlyForDeploymentPostprocessing = 0;
		};
/* End PBXResourcesBuildPhase section */

/* Begin PBXSourcesBuildPhase section */
		06D7AEA61C4CF9040017FD1B /* Sources */ = {
			isa = PBXSourcesBuildPhase;
			buildActionMask = 2147483647;
			files = (
				C74609FB1C4D712200B6C200 /* Protocols.swift in Sources */,
				C7460A031C4EB3D800B6C200 /* CopiedStringsCollection.swift in Sources */,
				06D7AEAE1C4CF9040017FD1B /* AppDelegate.swift in Sources */,
				C7E99BEB1C5189A7002179E3 /* Extensions.swift in Sources */,
				C74609FF1C4D716000B6C200 /* ModelApplication.swift in Sources */,
				C74609FD1C4D714B00B6C200 /* ModelCopiedString.swift in Sources */,
				06D7AEBB1C4D09E10017FD1B /* PasteBoardWatcher.swift in Sources */,
			);
			runOnlyForDeploymentPostprocessing = 0;
		};
/* End PBXSourcesBuildPhase section */

/* Begin PBXVariantGroup section */
		06D7AEB11C4CF9040017FD1B /* MainMenu.xib */ = {
			isa = PBXVariantGroup;
			children = (
				06D7AEB21C4CF9040017FD1B /* Base */,
			);
			name = MainMenu.xib;
			sourceTree = "<group>";
		};
/* End PBXVariantGroup section */

/* Begin XCBuildConfiguration section */
		06D7AEB51C4CF9040017FD1B /* Debug */ = {
			isa = XCBuildConfiguration;
			buildSettings = {
				ALWAYS_SEARCH_USER_PATHS = NO;
				CLANG_CXX_LANGUAGE_STANDARD = "gnu++0x";
				CLANG_CXX_LIBRARY = "libc++";
				CLANG_ENABLE_MODULES = YES;
				CLANG_ENABLE_OBJC_ARC = YES;
				CLANG_WARN_BOOL_CONVERSION = YES;
				CLANG_WARN_CONSTANT_CONVERSION = YES;
				CLANG_WARN_DIRECT_OBJC_ISA_USAGE = YES_ERROR;
				CLANG_WARN_EMPTY_BODY = YES;
				CLANG_WARN_ENUM_CONVERSION = YES;
				CLANG_WARN_INT_CONVERSION = YES;
				CLANG_WARN_OBJC_ROOT_CLASS = YES_ERROR;
				CLANG_WARN_UNREACHABLE_CODE = YES;
				CLANG_WARN__DUPLICATE_METHOD_MATCH = YES;
				CODE_SIGN_IDENTITY = "-";
				COPY_PHASE_STRIP = NO;
				DEBUG_INFORMATION_FORMAT = dwarf;
				ENABLE_STRICT_OBJC_MSGSEND = YES;
				ENABLE_TESTABILITY = YES;
				GCC_C_LANGUAGE_STANDARD = gnu99;
				GCC_DYNAMIC_NO_PIC = NO;
				GCC_NO_COMMON_BLOCKS = YES;
				GCC_OPTIMIZATION_LEVEL = 0;
				GCC_PREPROCESSOR_DEFINITIONS = (
					"DEBUG=1",
					"$(inherited)",
				);
				GCC_WARN_64_TO_32_BIT_CONVERSION = YES;
				GCC_WARN_ABOUT_RETURN_TYPE = YES_ERROR;
				GCC_WARN_UNDECLARED_SELECTOR = YES;
				GCC_WARN_UNINITIALIZED_AUTOS = YES_AGGRESSIVE;
				GCC_WARN_UNUSED_FUNCTION = YES;
				GCC_WARN_UNUSED_VARIABLE = YES;
				MACOSX_DEPLOYMENT_TARGET = 10.11;
				MTL_ENABLE_DEBUG_INFO = YES;
				ONLY_ACTIVE_ARCH = YES;
				SDKROOT = macosx;
				SWIFT_OPTIMIZATION_LEVEL = "-Onone";
			};
			name = Debug;
		};
		06D7AEB61C4CF9040017FD1B /* Release */ = {
			isa = XCBuildConfiguration;
			buildSettings = {
				ALWAYS_SEARCH_USER_PATHS = NO;
				CLANG_CXX_LANGUAGE_STANDARD = "gnu++0x";
				CLANG_CXX_LIBRARY = "libc++";
				CLANG_ENABLE_MODULES = YES;
				CLANG_ENABLE_OBJC_ARC = YES;
				CLANG_WARN_BOOL_CONVERSION = YES;
				CLANG_WARN_CONSTANT_CONVERSION = YES;
				CLANG_WARN_DIRECT_OBJC_ISA_USAGE = YES_ERROR;
				CLANG_WARN_EMPTY_BODY = YES;
				CLANG_WARN_ENUM_CONVERSION = YES;
				CLANG_WARN_INT_CONVERSION = YES;
				CLANG_WARN_OBJC_ROOT_CLASS = YES_ERROR;
				CLANG_WARN_UNREACHABLE_CODE = YES;
				CLANG_WARN__DUPLICATE_METHOD_MATCH = YES;
				CODE_SIGN_IDENTITY = "-";
				COPY_PHASE_STRIP = NO;
				DEBUG_INFORMATION_FORMAT = "dwarf-with-dsym";
				ENABLE_NS_ASSERTIONS = NO;
				ENABLE_STRICT_OBJC_MSGSEND = YES;
				GCC_C_LANGUAGE_STANDARD = gnu99;
				GCC_NO_COMMON_BLOCKS = YES;
				GCC_WARN_64_TO_32_BIT_CONVERSION = YES;
				GCC_WARN_ABOUT_RETURN_TYPE = YES_ERROR;
				GCC_WARN_UNDECLARED_SELECTOR = YES;
				GCC_WARN_UNINITIALIZED_AUTOS = YES_AGGRESSIVE;
				GCC_WARN_UNUSED_FUNCTION = YES;
				GCC_WARN_UNUSED_VARIABLE = YES;
				MACOSX_DEPLOYMENT_TARGET = 10.11;
				MTL_ENABLE_DEBUG_INFO = NO;
				SDKROOT = macosx;
			};
			name = Release;
		};
		06D7AEB81C4CF9040017FD1B /* Debug */ = {
			isa = XCBuildConfiguration;
			buildSettings = {
				ASSETCATALOG_COMPILER_APPICON_NAME = AppIcon;
				COMBINE_HIDPI_IMAGES = YES;
				INFOPLIST_FILE = PasteBoard/Info.plist;
				LD_RUNPATH_SEARCH_PATHS = "$(inherited) @executable_path/../Frameworks";
				PRODUCT_BUNDLE_IDENTIFIER = com.tests.PasteBoard;
				PRODUCT_NAME = "$(TARGET_NAME)";
			};
			name = Debug;
		};
		06D7AEB91C4CF9040017FD1B /* Release */ = {
			isa = XCBuildConfiguration;
			buildSettings = {
				ASSETCATALOG_COMPILER_APPICON_NAME = AppIcon;
				COMBINE_HIDPI_IMAGES = YES;
				INFOPLIST_FILE = PasteBoard/Info.plist;
				LD_RUNPATH_SEARCH_PATHS = "$(inherited) @executable_path/../Frameworks";
				PRODUCT_BUNDLE_IDENTIFIER = com.tests.PasteBoard;
				PRODUCT_NAME = "$(TARGET_NAME)";
			};
			name = Release;
		};
/* End XCBuildConfiguration section */

/* Begin XCConfigurationList section */
		06D7AEA51C4CF9040017FD1B /* Build configuration list for PBXProject "PasteBoard" */ = {
			isa = XCConfigurationList;
			buildConfigurations = (
				06D7AEB51C4CF9040017FD1B /* Debug */,
				06D7AEB61C4CF9040017FD1B /* Release */,
			);
			defaultConfigurationIsVisible = 0;
			defaultConfigurationName = Release;
		};
		06D7AEB71C4CF9040017FD1B /* Build configuration list for PBXNativeTarget "PasteBoard" */ = {
			isa = XCConfigurationList;
			buildConfigurations = (
				06D7AEB81C4CF9040017FD1B /* Debug */,
				06D7AEB91C4CF9040017FD1B /* Release */,
			);
			defaultConfigurationIsVisible = 0;
			defaultConfigurationName = Release;
		};
/* End XCConfigurationList section */
	};
	rootObject = 06D7AEA21C4CF9040017FD1B /* Project object */;
}
